PODS:
  - Atlas (1.0.11):
    - LayerKit (>= 0.16.0)
  - LayerKit (0.16.0)
  - Masonry (0.6.3)
  - MTBBarcodeScanner (1.8.10)
  - ZXingObjC (3.1.0):
    - ZXingObjC/All (= 3.1.0)
  - ZXingObjC/All (3.1.0)

DEPENDENCIES:
  - Atlas
  - LayerKit
  - Masonry
  - MTBBarcodeScanner
  - ZXingObjC (~> 3.0)

SPEC CHECKSUMS:
  Atlas: 9bb6dccf270236d591b36882288ecf185b464f82
  LayerKit: 8976a2a4d5f73b808e6328a5c66732605a3c247a
  Masonry: ff105a956abcd19a618b2028b121cb638d7a8e2f
  MTBBarcodeScanner: 20bdb750b6f7ef34d7fdf6bf7831a69b45a3d08f
  ZXingObjC: bf15b3814f7a105b6d99f47da2333c93a063650a

COCOAPODS: 0.39.0
