PODS:
  - AFNetworking (2.2.4):
    - AFNetworking/NSURLConnection (= 2.2.4)
    - AFNetworking/NSURLSession (= 2.2.4)
    - AFNetworking/Reachability (= 2.2.4)
    - AFNetworking/Security (= 2.2.4)
    - AFNetworking/Serialization (= 2.2.4)
    - AFNetworking/UIKit (= 2.2.4)
  - AFNetworking/NSURLConnection (2.2.4):
    - AFNetworking/Reachability
    - AFNetworking/Security
    - AFNetworking/Serialization
  - AFNetworking/NSURLSession (2.2.4):
    - AFNetworking/NSURLConnection
  - AFNetworking/Reachability (2.2.4)
  - AFNetworking/Security (2.2.4)
  - AFNetworking/Serialization (2.2.4)
  - AFNetworking/UIKit (2.2.4):
    - AFNetworking/NSURLConnection
    - AFNetworking/NSURLSession
  - AFOAuth1 (0.0.1):
    - AFNetworking (~> 2.2.0)
  - AFOAuth2Manager (2.2.0):
    - AFNetworking/NSURLConnection (~> 2.2)
  - Bolts (1.5.0):
    - Bolts/AppLinks (= 1.5.0)
    - Bolts/Tasks (= 1.5.0)
  - Bolts/AppLinks (1.5.0):
    - Bolts/Tasks
  - Bolts/Tasks (1.5.0)
  - ECSlidingViewController (2.0.3)
  - FBSDKCoreKit (4.8.0):
    - Bolts (~> 1.1)
    - FBSDKCoreKit/arc (= 4.8.0)
    - FBSDKCoreKit/no-arc (= 4.8.0)
  - FBSDKCoreKit/arc (4.8.0):
    - Bolts (~> 1.1)
  - FBSDKCoreKit/no-arc (4.8.0):
    - Bolts (~> 1.1)
    - FBSDKCoreKit/arc
  - FBSDKLoginKit (4.8.0):
    - FBSDKCoreKit
  - FBSDKShareKit (4.8.0):
    - FBSDKCoreKit
  - Firebase (2.4.3)
  - FirebaseUI (0.3.0):
    - FBSDKCoreKit
    - FBSDKLoginKit
    - Firebase (~> 2.2)
    - Google/SignIn
  - GeoFire (1.1.2):
    - Firebase (~> 2.2)
  - Google (1.2.1):
    - Google/Core (= 1.2.1)
  - Google/Core (1.2.1):
    - GoogleInterchangeUtilities (~> 1.0)
    - GoogleNetworkingUtilities (~> 1.0)
    - GoogleSymbolUtilities (~> 1.0)
    - GoogleUtilities (~> 1.1)
  - Google/SignIn (1.2.1):
    - Google/Core
    - GoogleSignIn (~> 2.0)
  - GoogleAppUtilities (1.0.0):
    - GoogleSymbolUtilities (~> 1.0)
  - GoogleAuthUtilities (1.0.1):
    - GoogleNetworkingUtilities (~> 1.0)
    - GoogleSymbolUtilities (~> 1.0)
  - GoogleInterchangeUtilities (1.1.0):
    - GoogleSymbolUtilities (~> 1.0)
  - GoogleNetworkingUtilities (1.0.0):
    - GoogleSymbolUtilities (~> 1.0)
  - GoogleSignIn (2.4.0):
    - GoogleAppUtilities (~> 1.0)
    - GoogleAuthUtilities (~> 1.0)
    - GoogleNetworkingUtilities (~> 1.0)
    - GoogleUtilities (~> 1.0)
  - GoogleSymbolUtilities (1.0.3)
  - GoogleUtilities (1.1.0):
    - GoogleSymbolUtilities (~> 1.0.0)
  - Masonry (0.6.3)
  - MTBBarcodeScanner (1.8.10)

DEPENDENCIES:
  - AFNetworking
  - AFOAuth1
  - AFOAuth2Manager
  - ECSlidingViewController
  - FBSDKCoreKit
  - FBSDKLoginKit
  - FBSDKShareKit
  - Firebase (>= 2.4.3)
  - FirebaseUI (~> 0.3)
  - GeoFire (>= 1.1)
  - Google
  - Google/SignIn
  - Masonry
  - MTBBarcodeScanner

SPEC CHECKSUMS:
  AFNetworking: caca0799b310f0c3bf1fc1af45145fc96972bcab
  AFOAuth1: dad9f255f58c32014fbcf784a417afd92789b7d9
  AFOAuth2Manager: 952eb62e8fd8022971e64c6e8fe28b9e999224af
  Bolts: 722ab9a4f8b50fc4ed1b9998a5a7a2b3f16d80b4
  ECSlidingViewController: 6485c14f23b4487e9946535421ca8f111f86cc53
  FBSDKCoreKit: 66a935d17b6e00b6b64e604f2eb9b72c9ab7deb8
  FBSDKLoginKit: d893fcbb98d854496925e9ff73c67b896982d3c4
  FBSDKShareKit: e7577ee3adf80fc04fb656dd133fbb522250672b
  Firebase: 48179995b561e2262c5d4060ecdffca45fbbff8b
  FirebaseUI: dca01813ab1da356d65fe5b6cbcf9fbcc2949156
  GeoFire: 03db4e390a4cf3ff97422f19eb71ab1aa7d947dd
  Google: fd33b5fa40fa3aaee5176de49c873a74e3d11dce
  GoogleAppUtilities: c01c6a5671e9da8b9d690fdaec5959d6c2aac699
  GoogleAuthUtilities: 049ffd3a297cdffd271451b82fd4e75304f15ef3
  GoogleInterchangeUtilities: d7f7174176fbcf9710f696f1acebad4dbd98ac03
  GoogleNetworkingUtilities: 292992ab31b7b4ba32809a0e8b40e324cdfb2c0c
  GoogleSignIn: 79929b51e6299c69f1197bbd9c7a1367d523ecd8
  GoogleSymbolUtilities: 82ad9f93d3615244b3f4ce440f5ab2515e8b4f56
  GoogleUtilities: 8ed9134debe11719097881711464752900668f10
  Masonry: ff105a956abcd19a618b2028b121cb638d7a8e2f
  MTBBarcodeScanner: 20bdb750b6f7ef34d7fdf6bf7831a69b45a3d08f

COCOAPODS: 0.39.0
