// !$*UTF8*$!
{
	archiveVersion = 1;
	classes = {
	};
	objectVersion = 46;
	objects = {

/* Begin PBXBuildFile section */
		290B9DC9625C84FB7A681CD3 /* libPods-VinylMap.a in Frameworks */ = {isa = PBXBuildFile; fileRef = 4DB2F4E455B0DD720EF5E177 /* libPods-VinylMap.a */; };
		2B6016F21BFCC978003DB81A /* main.m in Sources */ = {isa = PBXBuildFile; fileRef = 2B6016F11BFCC978003DB81A /* main.m */; };
		2B6016F51BFCC978003DB81A /* AppDelegate.m in Sources */ = {isa = PBXBuildFile; fileRef = 2B6016F41BFCC978003DB81A /* AppDelegate.m */; };
		2B6016F81BFCC978003DB81A /* ViewController.m in Sources */ = {isa = PBXBuildFile; fileRef = 2B6016F71BFCC978003DB81A /* ViewController.m */; };
		2B6016FD1BFCC978003DB81A /* Assets.xcassets in Resources */ = {isa = PBXBuildFile; fileRef = 2B6016FC1BFCC978003DB81A /* Assets.xcassets */; };
		2B6017001BFCC978003DB81A /* LaunchScreen.storyboard in Resources */ = {isa = PBXBuildFile; fileRef = 2B6016FE1BFCC978003DB81A /* LaunchScreen.storyboard */; };

		2BFEA0F91BFE2E9500C65717 /* SearchViewController.m in Sources */ = {isa = PBXBuildFile; fileRef = 2BFEA0F81BFE2E9500C65717 /* SearchViewController.m */; settings = {ASSET_TAGS = (); }; };

		963AE0571BFD30CF001A2178 /* Users.json in Resources */ = {isa = PBXBuildFile; fileRef = 963AE0561BFD30CF001A2178 /* Users.json */; };
		965333561BFE347D00BB4F7A /* DiscogsAPI.m in Sources */ = {isa = PBXBuildFile; fileRef = 965333551BFE347D00BB4F7A /* DiscogsAPI.m */; };
		96AF90911BFCE1DA00BCFC96 /* VinylConstants.m in Sources */ = {isa = PBXBuildFile; fileRef = 96AF90901BFCE1DA00BCFC96 /* VinylConstants.m */; };
		96AF90991BFCE64B00BCFC96 /* Main.storyboard in Resources */ = {isa = PBXBuildFile; fileRef = 96AF90981BFCE64B00BCFC96 /* Main.storyboard */; };
		96AF909F1BFCEA1D00BCFC96 /* BarcodeViewController.m in Sources */ = {isa = PBXBuildFile; fileRef = 96AF909E1BFCEA1D00BCFC96 /* BarcodeViewController.m */; };
/* End PBXBuildFile section */

/* Begin PBXFileReference section */
		0B6AC5D55AAFBD88916EA832 /* Pods-VinylMap.debug.xcconfig */ = {isa = PBXFileReference; includeInIndex = 1; lastKnownFileType = text.xcconfig; name = "Pods-VinylMap.debug.xcconfig"; path = "Pods/Target Support Files/Pods-VinylMap/Pods-VinylMap.debug.xcconfig"; sourceTree = "<group>"; };
		2B6016ED1BFCC978003DB81A /* VinylMap.app */ = {isa = PBXFileReference; explicitFileType = wrapper.application; includeInIndex = 0; path = VinylMap.app; sourceTree = BUILT_PRODUCTS_DIR; };
		2B6016F11BFCC978003DB81A /* main.m */ = {isa = PBXFileReference; lastKnownFileType = sourcecode.c.objc; path = main.m; sourceTree = "<group>"; };
		2B6016F31BFCC978003DB81A /* AppDelegate.h */ = {isa = PBXFileReference; lastKnownFileType = sourcecode.c.h; path = AppDelegate.h; sourceTree = "<group>"; };
		2B6016F41BFCC978003DB81A /* AppDelegate.m */ = {isa = PBXFileReference; lastKnownFileType = sourcecode.c.objc; path = AppDelegate.m; sourceTree = "<group>"; };
		2B6016F61BFCC978003DB81A /* ViewController.h */ = {isa = PBXFileReference; lastKnownFileType = sourcecode.c.h; path = ViewController.h; sourceTree = "<group>"; };
		2B6016F71BFCC978003DB81A /* ViewController.m */ = {isa = PBXFileReference; lastKnownFileType = sourcecode.c.objc; path = ViewController.m; sourceTree = "<group>"; };
		2B6016FC1BFCC978003DB81A /* Assets.xcassets */ = {isa = PBXFileReference; lastKnownFileType = folder.assetcatalog; path = Assets.xcassets; sourceTree = "<group>"; };
		2B6016FF1BFCC978003DB81A /* Base */ = {isa = PBXFileReference; lastKnownFileType = file.storyboard; name = Base; path = Base.lproj/LaunchScreen.storyboard; sourceTree = "<group>"; };
		2B6017011BFCC978003DB81A /* Info.plist */ = {isa = PBXFileReference; lastKnownFileType = text.plist.xml; path = Info.plist; sourceTree = "<group>"; };
		2BFEA0F71BFE2E9500C65717 /* SearchViewController.h */ = {isa = PBXFileReference; fileEncoding = 4; lastKnownFileType = sourcecode.c.h; path = SearchViewController.h; sourceTree = "<group>"; };
		2BFEA0F81BFE2E9500C65717 /* SearchViewController.m */ = {isa = PBXFileReference; fileEncoding = 4; lastKnownFileType = sourcecode.c.objc; path = SearchViewController.m; sourceTree = "<group>"; };
		4DB2F4E455B0DD720EF5E177 /* libPods-VinylMap.a */ = {isa = PBXFileReference; explicitFileType = archive.ar; includeInIndex = 0; path = "libPods-VinylMap.a"; sourceTree = BUILT_PRODUCTS_DIR; };
		963AE0561BFD30CF001A2178 /* Users.json */ = {isa = PBXFileReference; fileEncoding = 4; lastKnownFileType = text.json; path = Users.json; sourceTree = "<group>"; };
		965333541BFE347D00BB4F7A /* DiscogsAPI.h */ = {isa = PBXFileReference; fileEncoding = 4; lastKnownFileType = sourcecode.c.h; path = DiscogsAPI.h; sourceTree = "<group>"; };
		965333551BFE347D00BB4F7A /* DiscogsAPI.m */ = {isa = PBXFileReference; fileEncoding = 4; lastKnownFileType = sourcecode.c.objc; path = DiscogsAPI.m; sourceTree = "<group>"; };
		96AF908F1BFCE1DA00BCFC96 /* VinylConstants.h */ = {isa = PBXFileReference; fileEncoding = 4; lastKnownFileType = sourcecode.c.h; path = VinylConstants.h; sourceTree = "<group>"; };
		96AF90901BFCE1DA00BCFC96 /* VinylConstants.m */ = {isa = PBXFileReference; fileEncoding = 4; lastKnownFileType = sourcecode.c.objc; path = VinylConstants.m; sourceTree = "<group>"; };
		96AF90981BFCE64B00BCFC96 /* Main.storyboard */ = {isa = PBXFileReference; fileEncoding = 4; lastKnownFileType = file.storyboard; path = Main.storyboard; sourceTree = "<group>"; };
		96AF909D1BFCEA1D00BCFC96 /* BarcodeViewController.h */ = {isa = PBXFileReference; fileEncoding = 4; lastKnownFileType = sourcecode.c.h; path = BarcodeViewController.h; sourceTree = "<group>"; };
		96AF909E1BFCEA1D00BCFC96 /* BarcodeViewController.m */ = {isa = PBXFileReference; fileEncoding = 4; lastKnownFileType = sourcecode.c.objc; path = BarcodeViewController.m; sourceTree = "<group>"; };
		BC7883F19BEA89C8E01E26FD /* Pods-VinylMap.release.xcconfig */ = {isa = PBXFileReference; includeInIndex = 1; lastKnownFileType = text.xcconfig; name = "Pods-VinylMap.release.xcconfig"; path = "Pods/Target Support Files/Pods-VinylMap/Pods-VinylMap.release.xcconfig"; sourceTree = "<group>"; };
/* End PBXFileReference section */

/* Begin PBXFrameworksBuildPhase section */
		2B6016EA1BFCC978003DB81A /* Frameworks */ = {
			isa = PBXFrameworksBuildPhase;
			buildActionMask = 2147483647;
			files = (
				290B9DC9625C84FB7A681CD3 /* libPods-VinylMap.a in Frameworks */,
			);
			runOnlyForDeploymentPostprocessing = 0;
		};
/* End PBXFrameworksBuildPhase section */

/* Begin PBXGroup section */
		246B8CFC43E89A4BD3048959 /* Frameworks */ = {
			isa = PBXGroup;
			children = (
				4DB2F4E455B0DD720EF5E177 /* libPods-VinylMap.a */,
			);
			name = Frameworks;
			sourceTree = "<group>";
		};
		2B6016E41BFCC978003DB81A = {
			isa = PBXGroup;
			children = (
				2B6016EF1BFCC978003DB81A /* VinylMap */,
				2B6016EE1BFCC978003DB81A /* Products */,
				8C44B61D7914FBE819173F96 /* Pods */,
				246B8CFC43E89A4BD3048959 /* Frameworks */,
			);
			sourceTree = "<group>";
		};
		2B6016EE1BFCC978003DB81A /* Products */ = {
			isa = PBXGroup;
			children = (
				2B6016ED1BFCC978003DB81A /* VinylMap.app */,
			);
			name = Products;
			sourceTree = "<group>";
		};
		2B6016EF1BFCC978003DB81A /* VinylMap */ = {
			isa = PBXGroup;
			children = (
				2B6016F31BFCC978003DB81A /* AppDelegate.h */,
				2B6016F41BFCC978003DB81A /* AppDelegate.m */,
				2B6016F61BFCC978003DB81A /* ViewController.h */,
				2B6016F71BFCC978003DB81A /* ViewController.m */,
				96AF90981BFCE64B00BCFC96 /* Main.storyboard */,
				2BFEA0F71BFE2E9500C65717 /* SearchViewController.h */,
				2BFEA0F81BFE2E9500C65717 /* SearchViewController.m */,
				96AF909D1BFCEA1D00BCFC96 /* BarcodeViewController.h */,
				96AF909E1BFCEA1D00BCFC96 /* BarcodeViewController.m */,
				965333541BFE347D00BB4F7A /* DiscogsAPI.h */,
				965333551BFE347D00BB4F7A /* DiscogsAPI.m */,
				2B6016FC1BFCC978003DB81A /* Assets.xcassets */,
				2B6016FE1BFCC978003DB81A /* LaunchScreen.storyboard */,
				2B6016F01BFCC978003DB81A /* Supporting Files */,
				2B6017011BFCC978003DB81A /* Info.plist */,
				96AF908F1BFCE1DA00BCFC96 /* VinylConstants.h */,
				96AF90901BFCE1DA00BCFC96 /* VinylConstants.m */,
				963AE0561BFD30CF001A2178 /* Users.json */,
			);
			path = VinylMap;
			sourceTree = "<group>";
		};
		2B6016F01BFCC978003DB81A /* Supporting Files */ = {
			isa = PBXGroup;
			children = (
				2B6016F11BFCC978003DB81A /* main.m */,
			);
			name = "Supporting Files";
			sourceTree = "<group>";
		};
		8C44B61D7914FBE819173F96 /* Pods */ = {
			isa = PBXGroup;
			children = (
				0B6AC5D55AAFBD88916EA832 /* Pods-VinylMap.debug.xcconfig */,
				BC7883F19BEA89C8E01E26FD /* Pods-VinylMap.release.xcconfig */,
			);
			name = Pods;
			sourceTree = "<group>";
		};
/* End PBXGroup section */

/* Begin PBXNativeTarget section */
		2B6016EC1BFCC978003DB81A /* VinylMap */ = {
			isa = PBXNativeTarget;
			buildConfigurationList = 2B6017041BFCC978003DB81A /* Build configuration list for PBXNativeTarget "VinylMap" */;
			buildPhases = (
				FEBB8D6319CAD013F7782AF9 /* Check Pods Manifest.lock */,
				2B6016E91BFCC978003DB81A /* Sources */,
				2B6016EA1BFCC978003DB81A /* Frameworks */,
				2B6016EB1BFCC978003DB81A /* Resources */,
				14BE499D91F56FFFD044A468 /* Embed Pods Frameworks */,
				AE76E0CE1F2F510F41F22F61 /* Copy Pods Resources */,
			);
			buildRules = (
			);
			dependencies = (
			);
			name = VinylMap;
			productName = VinylMap;
			productReference = 2B6016ED1BFCC978003DB81A /* VinylMap.app */;
			productType = "com.apple.product-type.application";
		};
/* End PBXNativeTarget section */

/* Begin PBXProject section */
		2B6016E51BFCC978003DB81A /* Project object */ = {
			isa = PBXProject;
			attributes = {
				LastUpgradeCheck = 0700;
				ORGANIZATIONNAME = Toaster;
				TargetAttributes = {
					2B6016EC1BFCC978003DB81A = {
						CreatedOnToolsVersion = 7.0.1;
						DevelopmentTeam = 9696XGVX3N;
					};
				};
			};
			buildConfigurationList = 2B6016E81BFCC978003DB81A /* Build configuration list for PBXProject "VinylMap" */;
			compatibilityVersion = "Xcode 3.2";
			developmentRegion = English;
			hasScannedForEncodings = 0;
			knownRegions = (
				en,
				Base,
			);
			mainGroup = 2B6016E41BFCC978003DB81A;
			productRefGroup = 2B6016EE1BFCC978003DB81A /* Products */;
			projectDirPath = "";
			projectRoot = "";
			targets = (
				2B6016EC1BFCC978003DB81A /* VinylMap */,
			);
		};
/* End PBXProject section */

/* Begin PBXResourcesBuildPhase section */
		2B6016EB1BFCC978003DB81A /* Resources */ = {
			isa = PBXResourcesBuildPhase;
			buildActionMask = 2147483647;
			files = (
				963AE0571BFD30CF001A2178 /* Users.json in Resources */,
				96AF90991BFCE64B00BCFC96 /* Main.storyboard in Resources */,
				2B6017001BFCC978003DB81A /* LaunchScreen.storyboard in Resources */,
				2B6016FD1BFCC978003DB81A /* Assets.xcassets in Resources */,
			);
			runOnlyForDeploymentPostprocessing = 0;
		};
/* End PBXResourcesBuildPhase section */

/* Begin PBXShellScriptBuildPhase section */
		14BE499D91F56FFFD044A468 /* Embed Pods Frameworks */ = {
			isa = PBXShellScriptBuildPhase;
			buildActionMask = 2147483647;
			files = (
			);
			inputPaths = (
			);
			name = "Embed Pods Frameworks";
			outputPaths = (
			);
			runOnlyForDeploymentPostprocessing = 0;
			shellPath = /bin/sh;
			shellScript = "\"${SRCROOT}/Pods/Target Support Files/Pods-VinylMap/Pods-VinylMap-frameworks.sh\"\n";
			showEnvVarsInLog = 0;
		};
		AE76E0CE1F2F510F41F22F61 /* Copy Pods Resources */ = {
			isa = PBXShellScriptBuildPhase;
			buildActionMask = 2147483647;
			files = (
			);
			inputPaths = (
			);
			name = "Copy Pods Resources";
			outputPaths = (
			);
			runOnlyForDeploymentPostprocessing = 0;
			shellPath = /bin/sh;
			shellScript = "\"${SRCROOT}/Pods/Target Support Files/Pods-VinylMap/Pods-VinylMap-resources.sh\"\n";
			showEnvVarsInLog = 0;
		};
		FEBB8D6319CAD013F7782AF9 /* Check Pods Manifest.lock */ = {
			isa = PBXShellScriptBuildPhase;
			buildActionMask = 2147483647;
			files = (
			);
			inputPaths = (
			);
			name = "Check Pods Manifest.lock";
			outputPaths = (
			);
			runOnlyForDeploymentPostprocessing = 0;
			shellPath = /bin/sh;
			shellScript = "diff \"${PODS_ROOT}/../Podfile.lock\" \"${PODS_ROOT}/Manifest.lock\" > /dev/null\nif [[ $? != 0 ]] ; then\n    cat << EOM\nerror: The sandbox is not in sync with the Podfile.lock. Run 'pod install' or update your CocoaPods installation.\nEOM\n    exit 1\nfi\n";
			showEnvVarsInLog = 0;
		};
/* End PBXShellScriptBuildPhase section */

/* Begin PBXSourcesBuildPhase section */
		2B6016E91BFCC978003DB81A /* Sources */ = {
			isa = PBXSourcesBuildPhase;
			buildActionMask = 2147483647;
			files = (
				2B6016F81BFCC978003DB81A /* ViewController.m in Sources */,
				2B6016F51BFCC978003DB81A /* AppDelegate.m in Sources */,
				96AF90911BFCE1DA00BCFC96 /* VinylConstants.m in Sources */,
				96AF909F1BFCEA1D00BCFC96 /* BarcodeViewController.m in Sources */,
				2B6016F21BFCC978003DB81A /* main.m in Sources */,
				965333561BFE347D00BB4F7A /* DiscogsAPI.m in Sources */,
				2BFEA0F91BFE2E9500C65717 /* SearchViewController.m in Sources */,
			);
			runOnlyForDeploymentPostprocessing = 0;
		};
/* End PBXSourcesBuildPhase section */

/* Begin PBXVariantGroup section */
		2B6016FE1BFCC978003DB81A /* LaunchScreen.storyboard */ = {
			isa = PBXVariantGroup;
			children = (
				2B6016FF1BFCC978003DB81A /* Base */,
			);
			name = LaunchScreen.storyboard;
			sourceTree = "<group>";
		};
/* End PBXVariantGroup section */

/* Begin XCBuildConfiguration section */
		2B6017021BFCC978003DB81A /* Debug */ = {
			isa = XCBuildConfiguration;
			buildSettings = {
				ALWAYS_SEARCH_USER_PATHS = NO;
				CLANG_CXX_LANGUAGE_STANDARD = "gnu++0x";
				CLANG_CXX_LIBRARY = "libc++";
				CLANG_ENABLE_MODULES = YES;
				CLANG_ENABLE_OBJC_ARC = YES;
				CLANG_WARN_BOOL_CONVERSION = YES;
				CLANG_WARN_CONSTANT_CONVERSION = YES;
				CLANG_WARN_DIRECT_OBJC_ISA_USAGE = YES_ERROR;
				CLANG_WARN_EMPTY_BODY = YES;
				CLANG_WARN_ENUM_CONVERSION = YES;
				CLANG_WARN_INT_CONVERSION = YES;
				CLANG_WARN_OBJC_ROOT_CLASS = YES_ERROR;
				CLANG_WARN_UNREACHABLE_CODE = YES;
				CLANG_WARN__DUPLICATE_METHOD_MATCH = YES;
				"CODE_SIGN_IDENTITY[sdk=iphoneos*]" = "iPhone Developer";
				COPY_PHASE_STRIP = NO;
				DEBUG_INFORMATION_FORMAT = dwarf;
				ENABLE_STRICT_OBJC_MSGSEND = YES;
				ENABLE_TESTABILITY = YES;
				GCC_C_LANGUAGE_STANDARD = gnu99;
				GCC_DYNAMIC_NO_PIC = NO;
				GCC_NO_COMMON_BLOCKS = YES;
				GCC_OPTIMIZATION_LEVEL = 0;
				GCC_PREPROCESSOR_DEFINITIONS = (
					"DEBUG=1",
					"$(inherited)",
				);
				GCC_WARN_64_TO_32_BIT_CONVERSION = YES;
				GCC_WARN_ABOUT_RETURN_TYPE = YES_ERROR;
				GCC_WARN_UNDECLARED_SELECTOR = YES;
				GCC_WARN_UNINITIALIZED_AUTOS = YES_AGGRESSIVE;
				GCC_WARN_UNUSED_FUNCTION = YES;
				GCC_WARN_UNUSED_VARIABLE = YES;
				IPHONEOS_DEPLOYMENT_TARGET = 9.0;
				MTL_ENABLE_DEBUG_INFO = YES;
				ONLY_ACTIVE_ARCH = YES;
				SDKROOT = iphoneos;
				TARGETED_DEVICE_FAMILY = "1,2";
			};
			name = Debug;
		};
		2B6017031BFCC978003DB81A /* Release */ = {
			isa = XCBuildConfiguration;
			buildSettings = {
				ALWAYS_SEARCH_USER_PATHS = NO;
				CLANG_CXX_LANGUAGE_STANDARD = "gnu++0x";
				CLANG_CXX_LIBRARY = "libc++";
				CLANG_ENABLE_MODULES = YES;
				CLANG_ENABLE_OBJC_ARC = YES;
				CLANG_WARN_BOOL_CONVERSION = YES;
				CLANG_WARN_CONSTANT_CONVERSION = YES;
				CLANG_WARN_DIRECT_OBJC_ISA_USAGE = YES_ERROR;
				CLANG_WARN_EMPTY_BODY = YES;
				CLANG_WARN_ENUM_CONVERSION = YES;
				CLANG_WARN_INT_CONVERSION = YES;
				CLANG_WARN_OBJC_ROOT_CLASS = YES_ERROR;
				CLANG_WARN_UNREACHABLE_CODE = YES;
				CLANG_WARN__DUPLICATE_METHOD_MATCH = YES;
				"CODE_SIGN_IDENTITY[sdk=iphoneos*]" = "iPhone Developer";
				COPY_PHASE_STRIP = NO;
				DEBUG_INFORMATION_FORMAT = "dwarf-with-dsym";
				ENABLE_NS_ASSERTIONS = NO;
				ENABLE_STRICT_OBJC_MSGSEND = YES;
				GCC_C_LANGUAGE_STANDARD = gnu99;
				GCC_NO_COMMON_BLOCKS = YES;
				GCC_WARN_64_TO_32_BIT_CONVERSION = YES;
				GCC_WARN_ABOUT_RETURN_TYPE = YES_ERROR;
				GCC_WARN_UNDECLARED_SELECTOR = YES;
				GCC_WARN_UNINITIALIZED_AUTOS = YES_AGGRESSIVE;
				GCC_WARN_UNUSED_FUNCTION = YES;
				GCC_WARN_UNUSED_VARIABLE = YES;
				IPHONEOS_DEPLOYMENT_TARGET = 9.0;
				MTL_ENABLE_DEBUG_INFO = NO;
				SDKROOT = iphoneos;
				TARGETED_DEVICE_FAMILY = "1,2";
				VALIDATE_PRODUCT = YES;
			};
			name = Release;
		};
		2B6017051BFCC978003DB81A /* Debug */ = {
			isa = XCBuildConfiguration;
			baseConfigurationReference = 0B6AC5D55AAFBD88916EA832 /* Pods-VinylMap.debug.xcconfig */;
			buildSettings = {
				ASSETCATALOG_COMPILER_APPICON_NAME = AppIcon;
				CODE_SIGN_IDENTITY = "iPhone Developer";
				"CODE_SIGN_IDENTITY[sdk=iphoneos*]" = "iPhone Developer";
				ENABLE_BITCODE = NO;
				INFOPLIST_FILE = VinylMap/Info.plist;
				LD_RUNPATH_SEARCH_PATHS = "$(inherited) @executable_path/Frameworks";
				PRODUCT_BUNDLE_IDENTIFIER = "com.flatironschool.team-pager.VinylMap";
				PRODUCT_NAME = "$(TARGET_NAME)";
				PROVISIONING_PROFILE = "";
			};
			name = Debug;
		};
		2B6017061BFCC978003DB81A /* Release */ = {
			isa = XCBuildConfiguration;
			baseConfigurationReference = BC7883F19BEA89C8E01E26FD /* Pods-VinylMap.release.xcconfig */;
			buildSettings = {
				ASSETCATALOG_COMPILER_APPICON_NAME = AppIcon;
				CODE_SIGN_IDENTITY = "iPhone Developer";
				"CODE_SIGN_IDENTITY[sdk=iphoneos*]" = "iPhone Developer";
				ENABLE_BITCODE = NO;
				INFOPLIST_FILE = VinylMap/Info.plist;
				LD_RUNPATH_SEARCH_PATHS = "$(inherited) @executable_path/Frameworks";
				PRODUCT_BUNDLE_IDENTIFIER = "com.flatironschool.team-pager.VinylMap";
				PRODUCT_NAME = "$(TARGET_NAME)";
				PROVISIONING_PROFILE = "";
			};
			name = Release;
		};
/* End XCBuildConfiguration section */

/* Begin XCConfigurationList section */
		2B6016E81BFCC978003DB81A /* Build configuration list for PBXProject "VinylMap" */ = {
			isa = XCConfigurationList;
			buildConfigurations = (
				2B6017021BFCC978003DB81A /* Debug */,
				2B6017031BFCC978003DB81A /* Release */,
			);
			defaultConfigurationIsVisible = 0;
			defaultConfigurationName = Release;
		};
		2B6017041BFCC978003DB81A /* Build configuration list for PBXNativeTarget "VinylMap" */ = {
			isa = XCConfigurationList;
			buildConfigurations = (
				2B6017051BFCC978003DB81A /* Debug */,
				2B6017061BFCC978003DB81A /* Release */,
			);
			defaultConfigurationIsVisible = 0;
			defaultConfigurationName = Release;
		};
/* End XCConfigurationList section */
	};
	rootObject = 2B6016E51BFCC978003DB81A /* Project object */;
}
